// !$*UTF8*$!
{
	archiveVersion = 1;
	classes = {
	};
	objectVersion = 56;
	objects = {

/* Begin PBXBuildFile section */
		0C608FAF2C39D39E00EFB8D0 /* MovieStructTests.swift in Sources */ = {isa = PBXBuildFile; fileRef = 0C608FAE2C39D39E00EFB8D0 /* MovieStructTests.swift */; };
		0C608FB12C39D59D00EFB8D0 /* Movie.swift in Sources */ = {isa = PBXBuildFile; fileRef = 0C608FB02C39D59D00EFB8D0 /* Movie.swift */; };
		0C608FB72C39D8FC00EFB8D0 /* MovieManagerTests.swift in Sources */ = {isa = PBXBuildFile; fileRef = 0C608FB62C39D8FC00EFB8D0 /* MovieManagerTests.swift */; };
		0C608FB92C39E0AA00EFB8D0 /* MovieManager.swift in Sources */ = {isa = PBXBuildFile; fileRef = 0C608FB82C39E0AA00EFB8D0 /* MovieManager.swift */; };
		0C608FBB2C39F78100EFB8D0 /* LibraryVCTests.swift in Sources */ = {isa = PBXBuildFile; fileRef = 0C608FBA2C39F78100EFB8D0 /* LibraryVCTests.swift */; };
		0CAB2B362C3822EB00814E79 /* AppDelegate.swift in Sources */ = {isa = PBXBuildFile; fileRef = 0CAB2B352C3822EB00814E79 /* AppDelegate.swift */; };
		0CAB2B382C3822EB00814E79 /* SceneDelegate.swift in Sources */ = {isa = PBXBuildFile; fileRef = 0CAB2B372C3822EB00814E79 /* SceneDelegate.swift */; };
		0CAB2B3F2C3822EC00814E79 /* Assets.xcassets in Resources */ = {isa = PBXBuildFile; fileRef = 0CAB2B3E2C3822EC00814E79 /* Assets.xcassets */; };
		0CAB2B662C38239000814E79 /* Main.storyboard in Resources */ = {isa = PBXBuildFile; fileRef = 0CAB2B652C38239000814E79 /* Main.storyboard */; };
		0CAB2B682C3823A800814E79 /* LibraryVC.swift in Sources */ = {isa = PBXBuildFile; fileRef = 0CAB2B672C3823A800814E79 /* LibraryVC.swift */; };
		0CAB2B6A2C3823B400814E79 /* LaunchScreen.storyboard in Resources */ = {isa = PBXBuildFile; fileRef = 0CAB2B692C3823B400814E79 /* LaunchScreen.storyboard */; };
		0CCBD19D2C3AEC7600A71991 /* MovieLibraryDataService.swift in Sources */ = {isa = PBXBuildFile; fileRef = 0CCBD19C2C3AEC7600A71991 /* MovieLibraryDataService.swift */; };
		0CCBD1A02C3AF8F900A71991 /* MovieLibraryDataServiceTests.swift in Sources */ = {isa = PBXBuildFile; fileRef = 0CCBD19F2C3AF8F900A71991 /* MovieLibraryDataServiceTests.swift */; };
		0CCBD1A22C3B3F1600A71991 /* MovieVwCell.swift in Sources */ = {isa = PBXBuildFile; fileRef = 0CCBD1A12C3B3F1600A71991 /* MovieVwCell.swift */; };
/* End PBXBuildFile section */

/* Begin PBXContainerItemProxy section */
		0CAB2B492C3822ED00814E79 /* PBXContainerItemProxy */ = {
			isa = PBXContainerItemProxy;
			containerPortal = 0CAB2B2A2C3822EA00814E79 /* Project object */;
			proxyType = 1;
			remoteGlobalIDString = 0CAB2B312C3822EB00814E79;
			remoteInfo = TDD_Movies;
		};
/* End PBXContainerItemProxy section */

/* Begin PBXFileReference section */
		0C608FAE2C39D39E00EFB8D0 /* MovieStructTests.swift */ = {isa = PBXFileReference; lastKnownFileType = sourcecode.swift; path = MovieStructTests.swift; sourceTree = "<group>"; };
		0C608FB02C39D59D00EFB8D0 /* Movie.swift */ = {isa = PBXFileReference; lastKnownFileType = sourcecode.swift; path = Movie.swift; sourceTree = "<group>"; };
		0C608FB62C39D8FC00EFB8D0 /* MovieManagerTests.swift */ = {isa = PBXFileReference; lastKnownFileType = sourcecode.swift; path = MovieManagerTests.swift; sourceTree = "<group>"; };
		0C608FB82C39E0AA00EFB8D0 /* MovieManager.swift */ = {isa = PBXFileReference; lastKnownFileType = sourcecode.swift; path = MovieManager.swift; sourceTree = "<group>"; };
		0C608FBA2C39F78100EFB8D0 /* LibraryVCTests.swift */ = {isa = PBXFileReference; lastKnownFileType = sourcecode.swift; path = LibraryVCTests.swift; sourceTree = "<group>"; };
		0CAB2B322C3822EB00814E79 /* TDD_Movies.app */ = {isa = PBXFileReference; explicitFileType = wrapper.application; includeInIndex = 0; path = TDD_Movies.app; sourceTree = BUILT_PRODUCTS_DIR; };
		0CAB2B352C3822EB00814E79 /* AppDelegate.swift */ = {isa = PBXFileReference; lastKnownFileType = sourcecode.swift; path = AppDelegate.swift; sourceTree = "<group>"; };
		0CAB2B372C3822EB00814E79 /* SceneDelegate.swift */ = {isa = PBXFileReference; lastKnownFileType = sourcecode.swift; path = SceneDelegate.swift; sourceTree = "<group>"; };
		0CAB2B3E2C3822EC00814E79 /* Assets.xcassets */ = {isa = PBXFileReference; lastKnownFileType = folder.assetcatalog; path = Assets.xcassets; sourceTree = "<group>"; };
		0CAB2B432C3822EC00814E79 /* Info.plist */ = {isa = PBXFileReference; lastKnownFileType = text.plist.xml; path = Info.plist; sourceTree = "<group>"; };
		0CAB2B482C3822ED00814E79 /* TDD_MoviesTests.xctest */ = {isa = PBXFileReference; explicitFileType = wrapper.cfbundle; includeInIndex = 0; path = TDD_MoviesTests.xctest; sourceTree = BUILT_PRODUCTS_DIR; };
		0CAB2B652C38239000814E79 /* Main.storyboard */ = {isa = PBXFileReference; lastKnownFileType = file.storyboard; path = Main.storyboard; sourceTree = "<group>"; };
		0CAB2B672C3823A800814E79 /* LibraryVC.swift */ = {isa = PBXFileReference; lastKnownFileType = sourcecode.swift; path = LibraryVC.swift; sourceTree = "<group>"; };
		0CAB2B692C3823B400814E79 /* LaunchScreen.storyboard */ = {isa = PBXFileReference; lastKnownFileType = file.storyboard; path = LaunchScreen.storyboard; sourceTree = "<group>"; };
		0CCBD19C2C3AEC7600A71991 /* MovieLibraryDataService.swift */ = {isa = PBXFileReference; lastKnownFileType = sourcecode.swift; path = MovieLibraryDataService.swift; sourceTree = "<group>"; };
		0CCBD19F2C3AF8F900A71991 /* MovieLibraryDataServiceTests.swift */ = {isa = PBXFileReference; lastKnownFileType = sourcecode.swift; path = MovieLibraryDataServiceTests.swift; sourceTree = "<group>"; };
		0CCBD1A12C3B3F1600A71991 /* MovieVwCell.swift */ = {isa = PBXFileReference; lastKnownFileType = sourcecode.swift; path = MovieVwCell.swift; sourceTree = "<group>"; };
/* End PBXFileReference section */

/* Begin PBXFrameworksBuildPhase section */
		0CAB2B2F2C3822EB00814E79 /* Frameworks */ = {
			isa = PBXFrameworksBuildPhase;
			buildActionMask = 2147483647;
			files = (
			);
			runOnlyForDeploymentPostprocessing = 0;
		};
		0CAB2B452C3822ED00814E79 /* Frameworks */ = {
			isa = PBXFrameworksBuildPhase;
			buildActionMask = 2147483647;
			files = (
			);
			runOnlyForDeploymentPostprocessing = 0;
		};
/* End PBXFrameworksBuildPhase section */

/* Begin PBXGroup section */
		0C608FB22C39D84900EFB8D0 /* Models */ = {
			isa = PBXGroup;
			children = (
				0C608FB02C39D59D00EFB8D0 /* Movie.swift */,
				0C608FB82C39E0AA00EFB8D0 /* MovieManager.swift */,
			);
			name = Models;
			sourceTree = "<group>";
		};
		0C608FB32C39D86D00EFB8D0 /* Controllers */ = {
			isa = PBXGroup;
			children = (
				0CAB2B672C3823A800814E79 /* LibraryVC.swift */,
			);
			name = Controllers;
			sourceTree = "<group>";
		};
		0C608FB42C39D8A400EFB8D0 /* Test Models */ = {
			isa = PBXGroup;
			children = (
				0C608FAE2C39D39E00EFB8D0 /* MovieStructTests.swift */,
				0C608FB62C39D8FC00EFB8D0 /* MovieManagerTests.swift */,
			);
			name = "Test Models";
			sourceTree = "<group>";
		};
		0C608FB52C39D8B300EFB8D0 /* Test Controllers */ = {
			isa = PBXGroup;
			children = (
				0C608FBA2C39F78100EFB8D0 /* LibraryVCTests.swift */,
			);
			name = "Test Controllers";
			sourceTree = "<group>";
		};
		0CAB2B292C3822EA00814E79 = {
			isa = PBXGroup;
			children = (
				0CAB2B342C3822EB00814E79 /* TDD_Movies */,
				0CAB2B4B2C3822ED00814E79 /* TDD_MoviesTests */,
				0CAB2B332C3822EB00814E79 /* Products */,
			);
			sourceTree = "<group>";
		};
		0CAB2B332C3822EB00814E79 /* Products */ = {
			isa = PBXGroup;
			children = (
				0CAB2B322C3822EB00814E79 /* TDD_Movies.app */,
				0CAB2B482C3822ED00814E79 /* TDD_MoviesTests.xctest */,
			);
			name = Products;
			sourceTree = "<group>";
		};
		0CAB2B342C3822EB00814E79 /* TDD_Movies */ = {
			isa = PBXGroup;
			children = (
				0CAB2B692C3823B400814E79 /* LaunchScreen.storyboard */,
				0CAB2B652C38239000814E79 /* Main.storyboard */,
				0CCBD1A12C3B3F1600A71991 /* MovieVwCell.swift */,
				0C608FB32C39D86D00EFB8D0 /* Controllers */,
				0C608FB22C39D84900EFB8D0 /* Models */,
				0CCBD19B2C3AEC2F00A71991 /* Data Service */,
				0CAB2B3E2C3822EC00814E79 /* Assets.xcassets */,
				0CAB2B432C3822EC00814E79 /* Info.plist */,
				0CAB2B372C3822EB00814E79 /* SceneDelegate.swift */,
				0CAB2B352C3822EB00814E79 /* AppDelegate.swift */,
			);
			path = TDD_Movies;
			sourceTree = "<group>";
		};
		0CAB2B4B2C3822ED00814E79 /* TDD_MoviesTests */ = {
			isa = PBXGroup;
			children = (
				0CCBD19E2C3AF8C100A71991 /* Test Data Service */,
				0C608FB52C39D8B300EFB8D0 /* Test Controllers */,
				0C608FB42C39D8A400EFB8D0 /* Test Models */,
			);
			path = TDD_MoviesTests;
			sourceTree = "<group>";
		};
		0CCBD19B2C3AEC2F00A71991 /* Data Service */ = {
			isa = PBXGroup;
			children = (
				0CCBD19C2C3AEC7600A71991 /* MovieLibraryDataService.swift */,
			);
			name = "Data Service";
			sourceTree = "<group>";
		};
		0CCBD19E2C3AF8C100A71991 /* Test Data Service */ = {
			isa = PBXGroup;
			children = (
				0CCBD19F2C3AF8F900A71991 /* MovieLibraryDataServiceTests.swift */,
			);
			name = "Test Data Service";
			sourceTree = "<group>";
		};
/* End PBXGroup section */

/* Begin PBXNativeTarget section */
		0CAB2B312C3822EB00814E79 /* TDD_Movies */ = {
			isa = PBXNativeTarget;
			buildConfigurationList = 0CAB2B5C2C3822ED00814E79 /* Build configuration list for PBXNativeTarget "TDD_Movies" */;
			buildPhases = (
				0CAB2B2E2C3822EB00814E79 /* Sources */,
				0CAB2B2F2C3822EB00814E79 /* Frameworks */,
				0CAB2B302C3822EB00814E79 /* Resources */,
			);
			buildRules = (
			);
			dependencies = (
			);
			name = TDD_Movies;
			productName = TDD_Movies;
			productReference = 0CAB2B322C3822EB00814E79 /* TDD_Movies.app */;
			productType = "com.apple.product-type.application";
		};
		0CAB2B472C3822ED00814E79 /* TDD_MoviesTests */ = {
			isa = PBXNativeTarget;
			buildConfigurationList = 0CAB2B5F2C3822ED00814E79 /* Build configuration list for PBXNativeTarget "TDD_MoviesTests" */;
			buildPhases = (
				0CAB2B442C3822ED00814E79 /* Sources */,
				0CAB2B452C3822ED00814E79 /* Frameworks */,
				0CAB2B462C3822ED00814E79 /* Resources */,
			);
			buildRules = (
			);
			dependencies = (
				0CAB2B4A2C3822ED00814E79 /* PBXTargetDependency */,
			);
			name = TDD_MoviesTests;
			productName = TDD_MoviesTests;
			productReference = 0CAB2B482C3822ED00814E79 /* TDD_MoviesTests.xctest */;
			productType = "com.apple.product-type.bundle.unit-test";
		};
/* End PBXNativeTarget section */

/* Begin PBXProject section */
		0CAB2B2A2C3822EA00814E79 /* Project object */ = {
			isa = PBXProject;
			attributes = {
				BuildIndependentTargetsInParallel = 1;
				LastSwiftUpdateCheck = 1520;
				LastUpgradeCheck = 1520;
				TargetAttributes = {
					0CAB2B312C3822EB00814E79 = {
						CreatedOnToolsVersion = 15.2;
					};
					0CAB2B472C3822ED00814E79 = {
						CreatedOnToolsVersion = 15.2;
						LastSwiftMigration = 1520;
						TestTargetID = 0CAB2B312C3822EB00814E79;
					};
				};
			};
			buildConfigurationList = 0CAB2B2D2C3822EA00814E79 /* Build configuration list for PBXProject "TDD_Movies" */;
			compatibilityVersion = "Xcode 14.0";
			developmentRegion = en;
			hasScannedForEncodings = 0;
			knownRegions = (
				en,
				Base,
			);
			mainGroup = 0CAB2B292C3822EA00814E79;
			productRefGroup = 0CAB2B332C3822EB00814E79 /* Products */;
			projectDirPath = "";
			projectRoot = "";
			targets = (
				0CAB2B312C3822EB00814E79 /* TDD_Movies */,
				0CAB2B472C3822ED00814E79 /* TDD_MoviesTests */,
			);
		};
/* End PBXProject section */

/* Begin PBXResourcesBuildPhase section */
		0CAB2B302C3822EB00814E79 /* Resources */ = {
			isa = PBXResourcesBuildPhase;
			buildActionMask = 2147483647;
			files = (
				0CAB2B6A2C3823B400814E79 /* LaunchScreen.storyboard in Resources */,
				0CAB2B3F2C3822EC00814E79 /* Assets.xcassets in Resources */,
				0CAB2B662C38239000814E79 /* Main.storyboard in Resources */,
			);
			runOnlyForDeploymentPostprocessing = 0;
		};
		0CAB2B462C3822ED00814E79 /* Resources */ = {
			isa = PBXResourcesBuildPhase;
			buildActionMask = 2147483647;
			files = (
			);
			runOnlyForDeploymentPostprocessing = 0;
		};
/* End PBXResourcesBuildPhase section */

/* Begin PBXSourcesBuildPhase section */
		0CAB2B2E2C3822EB00814E79 /* Sources */ = {
			isa = PBXSourcesBuildPhase;
			buildActionMask = 2147483647;
			files = (
				0CAB2B362C3822EB00814E79 /* AppDelegate.swift in Sources */,
				0CAB2B682C3823A800814E79 /* LibraryVC.swift in Sources */,
				0CCBD19D2C3AEC7600A71991 /* MovieLibraryDataService.swift in Sources */,
				0CCBD1A22C3B3F1600A71991 /* MovieVwCell.swift in Sources */,
				0C608FB92C39E0AA00EFB8D0 /* MovieManager.swift in Sources */,
				0C608FB12C39D59D00EFB8D0 /* Movie.swift in Sources */,
				0CAB2B382C3822EB00814E79 /* SceneDelegate.swift in Sources */,
			);
			runOnlyForDeploymentPostprocessing = 0;
		};
		0CAB2B442C3822ED00814E79 /* Sources */ = {
			isa = PBXSourcesBuildPhase;
			buildActionMask = 2147483647;
			files = (
				0CCBD1A02C3AF8F900A71991 /* MovieLibraryDataServiceTests.swift in Sources */,
				0C608FB72C39D8FC00EFB8D0 /* MovieManagerTests.swift in Sources */,
				0C608FBB2C39F78100EFB8D0 /* LibraryVCTests.swift in Sources */,
				0C608FAF2C39D39E00EFB8D0 /* MovieStructTests.swift in Sources */,
			);
			runOnlyForDeploymentPostprocessing = 0;
		};
/* End PBXSourcesBuildPhase section */

/* Begin PBXTargetDependency section */
		0CAB2B4A2C3822ED00814E79 /* PBXTargetDependency */ = {
			isa = PBXTargetDependency;
			target = 0CAB2B312C3822EB00814E79 /* TDD_Movies */;
			targetProxy = 0CAB2B492C3822ED00814E79 /* PBXContainerItemProxy */;
		};
/* End PBXTargetDependency section */

/* Begin XCBuildConfiguration section */
		0CAB2B5A2C3822ED00814E79 /* Debug */ = {
			isa = XCBuildConfiguration;
			buildSettings = {
				ALWAYS_SEARCH_USER_PATHS = NO;
				ASSETCATALOG_COMPILER_GENERATE_SWIFT_ASSET_SYMBOL_EXTENSIONS = YES;
				CLANG_ANALYZER_NONNULL = YES;
				CLANG_ANALYZER_NUMBER_OBJECT_CONVERSION = YES_AGGRESSIVE;
				CLANG_CXX_LANGUAGE_STANDARD = "gnu++20";
				CLANG_ENABLE_MODULES = YES;
				CLANG_ENABLE_OBJC_ARC = YES;
				CLANG_ENABLE_OBJC_WEAK = YES;
				CLANG_WARN_BLOCK_CAPTURE_AUTORELEASING = YES;
				CLANG_WARN_BOOL_CONVERSION = YES;
				CLANG_WARN_COMMA = YES;
				CLANG_WARN_CONSTANT_CONVERSION = YES;
				CLANG_WARN_DEPRECATED_OBJC_IMPLEMENTATIONS = YES;
				CLANG_WARN_DIRECT_OBJC_ISA_USAGE = YES_ERROR;
				CLANG_WARN_DOCUMENTATION_COMMENTS = YES;
				CLANG_WARN_EMPTY_BODY = YES;
				CLANG_WARN_ENUM_CONVERSION = YES;
				CLANG_WARN_INFINITE_RECURSION = YES;
				CLANG_WARN_INT_CONVERSION = YES;
				CLANG_WARN_NON_LITERAL_NULL_CONVERSION = YES;
				CLANG_WARN_OBJC_IMPLICIT_RETAIN_SELF = YES;
				CLANG_WARN_OBJC_LITERAL_CONVERSION = YES;
				CLANG_WARN_OBJC_ROOT_CLASS = YES_ERROR;
				CLANG_WARN_QUOTED_INCLUDE_IN_FRAMEWORK_HEADER = YES;
				CLANG_WARN_RANGE_LOOP_ANALYSIS = YES;
				CLANG_WARN_STRICT_PROTOTYPES = YES;
				CLANG_WARN_SUSPICIOUS_MOVE = YES;
				CLANG_WARN_UNGUARDED_AVAILABILITY = YES_AGGRESSIVE;
				CLANG_WARN_UNREACHABLE_CODE = YES;
				CLANG_WARN__DUPLICATE_METHOD_MATCH = YES;
				COPY_PHASE_STRIP = NO;
				DEBUG_INFORMATION_FORMAT = dwarf;
				ENABLE_STRICT_OBJC_MSGSEND = YES;
				ENABLE_TESTABILITY = YES;
				ENABLE_USER_SCRIPT_SANDBOXING = YES;
				GCC_C_LANGUAGE_STANDARD = gnu17;
				GCC_DYNAMIC_NO_PIC = NO;
				GCC_NO_COMMON_BLOCKS = YES;
				GCC_OPTIMIZATION_LEVEL = 0;
				GCC_PREPROCESSOR_DEFINITIONS = (
					"DEBUG=1",
					"$(inherited)",
				);
				GCC_WARN_64_TO_32_BIT_CONVERSION = YES;
				GCC_WARN_ABOUT_RETURN_TYPE = YES_ERROR;
				GCC_WARN_UNDECLARED_SELECTOR = YES;
				GCC_WARN_UNINITIALIZED_AUTOS = YES_AGGRESSIVE;
				GCC_WARN_UNUSED_FUNCTION = YES;
				GCC_WARN_UNUSED_VARIABLE = YES;
				IPHONEOS_DEPLOYMENT_TARGET = 17.2;
				LOCALIZATION_PREFERS_STRING_CATALOGS = YES;
				MTL_ENABLE_DEBUG_INFO = INCLUDE_SOURCE;
				MTL_FAST_MATH = YES;
				ONLY_ACTIVE_ARCH = YES;
				SDKROOT = iphoneos;
				SWIFT_ACTIVE_COMPILATION_CONDITIONS = "DEBUG $(inherited)";
				SWIFT_OPTIMIZATION_LEVEL = "-Onone";
			};
			name = Debug;
		};
		0CAB2B5B2C3822ED00814E79 /* Release */ = {
			isa = XCBuildConfiguration;
			buildSettings = {
				ALWAYS_SEARCH_USER_PATHS = NO;
				ASSETCATALOG_COMPILER_GENERATE_SWIFT_ASSET_SYMBOL_EXTENSIONS = YES;
				CLANG_ANALYZER_NONNULL = YES;
				CLANG_ANALYZER_NUMBER_OBJECT_CONVERSION = YES_AGGRESSIVE;
				CLANG_CXX_LANGUAGE_STANDARD = "gnu++20";
				CLANG_ENABLE_MODULES = YES;
				CLANG_ENABLE_OBJC_ARC = YES;
				CLANG_ENABLE_OBJC_WEAK = YES;
				CLANG_WARN_BLOCK_CAPTURE_AUTORELEASING = YES;
				CLANG_WARN_BOOL_CONVERSION = YES;
				CLANG_WARN_COMMA = YES;
				CLANG_WARN_CONSTANT_CONVERSION = YES;
				CLANG_WARN_DEPRECATED_OBJC_IMPLEMENTATIONS = YES;
				CLANG_WARN_DIRECT_OBJC_ISA_USAGE = YES_ERROR;
				CLANG_WARN_DOCUMENTATION_COMMENTS = YES;
				CLANG_WARN_EMPTY_BODY = YES;
				CLANG_WARN_ENUM_CONVERSION = YES;
				CLANG_WARN_INFINITE_RECURSION = YES;
				CLANG_WARN_INT_CONVERSION = YES;
				CLANG_WARN_NON_LITERAL_NULL_CONVERSION = YES;
				CLANG_WARN_OBJC_IMPLICIT_RETAIN_SELF = YES;
				CLANG_WARN_OBJC_LITERAL_CONVERSION = YES;
				CLANG_WARN_OBJC_ROOT_CLASS = YES_ERROR;
				CLANG_WARN_QUOTED_INCLUDE_IN_FRAMEWORK_HEADER = YES;
				CLANG_WARN_RANGE_LOOP_ANALYSIS = YES;
				CLANG_WARN_STRICT_PROTOTYPES = YES;
				CLANG_WARN_SUSPICIOUS_MOVE = YES;
				CLANG_WARN_UNGUARDED_AVAILABILITY = YES_AGGRESSIVE;
				CLANG_WARN_UNREACHABLE_CODE = YES;
				CLANG_WARN__DUPLICATE_METHOD_MATCH = YES;
				COPY_PHASE_STRIP = NO;
				DEBUG_INFORMATION_FORMAT = "dwarf-with-dsym";
				ENABLE_NS_ASSERTIONS = NO;
				ENABLE_STRICT_OBJC_MSGSEND = YES;
				ENABLE_USER_SCRIPT_SANDBOXING = YES;
				GCC_C_LANGUAGE_STANDARD = gnu17;
				GCC_NO_COMMON_BLOCKS = YES;
				GCC_WARN_64_TO_32_BIT_CONVERSION = YES;
				GCC_WARN_ABOUT_RETURN_TYPE = YES_ERROR;
				GCC_WARN_UNDECLARED_SELECTOR = YES;
				GCC_WARN_UNINITIALIZED_AUTOS = YES_AGGRESSIVE;
				GCC_WARN_UNUSED_FUNCTION = YES;
				GCC_WARN_UNUSED_VARIABLE = YES;
				IPHONEOS_DEPLOYMENT_TARGET = 17.2;
				LOCALIZATION_PREFERS_STRING_CATALOGS = YES;
				MTL_ENABLE_DEBUG_INFO = NO;
				MTL_FAST_MATH = YES;
				SDKROOT = iphoneos;
				SWIFT_COMPILATION_MODE = wholemodule;
				VALIDATE_PRODUCT = YES;
			};
			name = Release;
		};
		0CAB2B5D2C3822ED00814E79 /* Debug */ = {
			isa = XCBuildConfiguration;
			buildSettings = {
				ASSETCATALOG_COMPILER_APPICON_NAME = AppIcon;
				ASSETCATALOG_COMPILER_GLOBAL_ACCENT_COLOR_NAME = AccentColor;
				CODE_SIGN_STYLE = Automatic;
				CURRENT_PROJECT_VERSION = 1;
				DEVELOPMENT_TEAM = A9BV75HGP3;
				GENERATE_INFOPLIST_FILE = YES;
				INFOPLIST_FILE = TDD_Movies/Info.plist;
				INFOPLIST_KEY_UIApplicationSupportsIndirectInputEvents = YES;
				INFOPLIST_KEY_UILaunchStoryboardName = LaunchScreen;
				INFOPLIST_KEY_UIMainStoryboardFile = Main;
				INFOPLIST_KEY_UISupportedInterfaceOrientations = UIInterfaceOrientationPortrait;
				INFOPLIST_KEY_UISupportedInterfaceOrientations_iPad = "UIInterfaceOrientationLandscapeLeft UIInterfaceOrientationLandscapeRight UIInterfaceOrientationPortrait UIInterfaceOrientationPortraitUpsideDown";
				LD_RUNPATH_SEARCH_PATHS = (
					"$(inherited)",
					"@executable_path/Frameworks",
				);
				MARKETING_VERSION = 1.0;
				PRODUCT_BUNDLE_IDENTIFIER = "miguel.gallego.TDD-Movies";
				PRODUCT_NAME = "$(TARGET_NAME)";
				SUPPORTED_PLATFORMS = "iphoneos iphonesimulator";
				SUPPORTS_MACCATALYST = NO;
				SUPPORTS_MAC_DESIGNED_FOR_IPHONE_IPAD = NO;
				SUPPORTS_XR_DESIGNED_FOR_IPHONE_IPAD = NO;
				SWIFT_EMIT_LOC_STRINGS = YES;
				SWIFT_VERSION = 5.0;
				TARGETED_DEVICE_FAMILY = 1;
			};
			name = Debug;
		};
		0CAB2B5E2C3822ED00814E79 /* Release */ = {
			isa = XCBuildConfiguration;
			buildSettings = {
				ASSETCATALOG_COMPILER_APPICON_NAME = AppIcon;
				ASSETCATALOG_COMPILER_GLOBAL_ACCENT_COLOR_NAME = AccentColor;
				CODE_SIGN_STYLE = Automatic;
				CURRENT_PROJECT_VERSION = 1;
				DEVELOPMENT_TEAM = A9BV75HGP3;
				GENERATE_INFOPLIST_FILE = YES;
				INFOPLIST_FILE = TDD_Movies/Info.plist;
				INFOPLIST_KEY_UIApplicationSupportsIndirectInputEvents = YES;
				INFOPLIST_KEY_UILaunchStoryboardName = LaunchScreen;
				INFOPLIST_KEY_UIMainStoryboardFile = Main;
				INFOPLIST_KEY_UISupportedInterfaceOrientations = UIInterfaceOrientationPortrait;
				INFOPLIST_KEY_UISupportedInterfaceOrientations_iPad = "UIInterfaceOrientationLandscapeLeft UIInterfaceOrientationLandscapeRight UIInterfaceOrientationPortrait UIInterfaceOrientationPortraitUpsideDown";
				LD_RUNPATH_SEARCH_PATHS = (
					"$(inherited)",
					"@executable_path/Frameworks",
				);
				MARKETING_VERSION = 1.0;
				PRODUCT_BUNDLE_IDENTIFIER = "miguel.gallego.TDD-Movies";
				PRODUCT_NAME = "$(TARGET_NAME)";
				SUPPORTED_PLATFORMS = "iphoneos iphonesimulator";
				SUPPORTS_MACCATALYST = NO;
				SUPPORTS_MAC_DESIGNED_FOR_IPHONE_IPAD = NO;
				SUPPORTS_XR_DESIGNED_FOR_IPHONE_IPAD = NO;
				SWIFT_EMIT_LOC_STRINGS = YES;
				SWIFT_VERSION = 5.0;
				TARGETED_DEVICE_FAMILY = 1;
			};
			name = Release;
		};
		0CAB2B602C3822ED00814E79 /* Debug */ = {
			isa = XCBuildConfiguration;
			buildSettings = {
				ALWAYS_EMBED_SWIFT_STANDARD_LIBRARIES = YES;
				BUNDLE_LOADER = "$(TEST_HOST)";
				CLANG_ENABLE_MODULES = YES;
				CODE_SIGN_STYLE = Automatic;
				CURRENT_PROJECT_VERSION = 1;
				DEVELOPMENT_TEAM = A9BV75HGP3;
				GENERATE_INFOPLIST_FILE = YES;
				IPHONEOS_DEPLOYMENT_TARGET = 17.2;
				MARKETING_VERSION = 1.0;
				PRODUCT_BUNDLE_IDENTIFIER = "miguel.gallego.TDD-MoviesTests";
				PRODUCT_NAME = "$(TARGET_NAME)";
				SUPPORTED_PLATFORMS = "iphoneos iphonesimulator";
				SUPPORTS_MACCATALYST = NO;
				SUPPORTS_MAC_DESIGNED_FOR_IPHONE_IPAD = NO;
				SUPPORTS_XR_DESIGNED_FOR_IPHONE_IPAD = NO;
				SWIFT_EMIT_LOC_STRINGS = NO;
				SWIFT_OPTIMIZATION_LEVEL = "-Onone";
				SWIFT_VERSION = 5.0;
				TARGETED_DEVICE_FAMILY = 1;
				TEST_HOST = "$(BUILT_PRODUCTS_DIR)/TDD_Movies.app/$(BUNDLE_EXECUTABLE_FOLDER_PATH)/TDD_Movies";
			};
			name = Debug;
		};
		0CAB2B612C3822ED00814E79 /* Release */ = {
			isa = XCBuildConfiguration;
			buildSettings = {
				ALWAYS_EMBED_SWIFT_STANDARD_LIBRARIES = YES;
				BUNDLE_LOADER = "$(TEST_HOST)";
				CLANG_ENABLE_MODULES = YES;
				CODE_SIGN_STYLE = Automatic;
				CURRENT_PROJECT_VERSION = 1;
				DEVELOPMENT_TEAM = A9BV75HGP3;
				GENERATE_INFOPLIST_FILE = YES;
				IPHONEOS_DEPLOYMENT_TARGET = 17.2;
				MARKETING_VERSION = 1.0;
				PRODUCT_BUNDLE_IDENTIFIER = "miguel.gallego.TDD-MoviesTests";
				PRODUCT_NAME = "$(TARGET_NAME)";
				SUPPORTED_PLATFORMS = "iphoneos iphonesimulator";
				SUPPORTS_MACCATALYST = NO;
				SUPPORTS_MAC_DESIGNED_FOR_IPHONE_IPAD = NO;
				SUPPORTS_XR_DESIGNED_FOR_IPHONE_IPAD = NO;
				SWIFT_EMIT_LOC_STRINGS = NO;
				SWIFT_VERSION = 5.0;
				TARGETED_DEVICE_FAMILY = 1;
				TEST_HOST = "$(BUILT_PRODUCTS_DIR)/TDD_Movies.app/$(BUNDLE_EXECUTABLE_FOLDER_PATH)/TDD_Movies";
			};
			name = Release;
		};
/* End XCBuildConfiguration section */

/* Begin XCConfigurationList section */
		0CAB2B2D2C3822EA00814E79 /* Build configuration list for PBXProject "TDD_Movies" */ = {
			isa = XCConfigurationList;
			buildConfigurations = (
				0CAB2B5A2C3822ED00814E79 /* Debug */,
				0CAB2B5B2C3822ED00814E79 /* Release */,
			);
			defaultConfigurationIsVisible = 0;
			defaultConfigurationName = Release;
		};
		0CAB2B5C2C3822ED00814E79 /* Build configuration list for PBXNativeTarget "TDD_Movies" */ = {
			isa = XCConfigurationList;
			buildConfigurations = (
				0CAB2B5D2C3822ED00814E79 /* Debug */,
				0CAB2B5E2C3822ED00814E79 /* Release */,
			);
			defaultConfigurationIsVisible = 0;
			defaultConfigurationName = Release;
		};
		0CAB2B5F2C3822ED00814E79 /* Build configuration list for PBXNativeTarget "TDD_MoviesTests" */ = {
			isa = XCConfigurationList;
			buildConfigurations = (
				0CAB2B602C3822ED00814E79 /* Debug */,
				0CAB2B612C3822ED00814E79 /* Release */,
			);
			defaultConfigurationIsVisible = 0;
			defaultConfigurationName = Release;
		};
/* End XCConfigurationList section */
	};
	rootObject = 0CAB2B2A2C3822EA00814E79 /* Project object */;
}
